{
"name": "shoe-print-bot-modular",
"version": "2.0.0",
"description": "Модульная система анализа следов обуви",
"main": "main.js",
"scripts": {
"start": "node main.js",
"dev": "node main.js",
"test": "echo \"No tests yet\" && exit 0"
},
"dependencies": {
"node-telegram-bot-api": "^0.64.0",
"axios": "^1.6.0",
"express": "^4.18.0",
"canvas": "^2.11.2"
},
"keywords": [
"telegram",
"bot",
"shoe",
"print",
"analysis"
],
"author": "Your Name",
"license": "MIT",
"engines": {
"node": ">=16.0.0"
}
}
